// !$*UTF8*$!
{
	archiveVersion = 1;
	classes = {
	};
	objectVersion = 46;
	objects = {

/* Begin PBXBuildFile section */
		3AF59EF71D063A01004A2778 /* AppDelegate.swift in Sources */ = {isa = PBXBuildFile; fileRef = 3AF59EF61D063A01004A2778 /* AppDelegate.swift */; };
		3AF59EF91D063A01004A2778 /* LessonViewController.swift in Sources */ = {isa = PBXBuildFile; fileRef = 3AF59EF81D063A01004A2778 /* LessonViewController.swift */; };
		3AF59EFC1D063A01004A2778 /* Main.storyboard in Resources */ = {isa = PBXBuildFile; fileRef = 3AF59EFA1D063A01004A2778 /* Main.storyboard */; };
		3AF59EFE1D063A01004A2778 /* Assets.xcassets in Resources */ = {isa = PBXBuildFile; fileRef = 3AF59EFD1D063A01004A2778 /* Assets.xcassets */; };
		3AF59F011D063A01004A2778 /* LaunchScreen.storyboard in Resources */ = {isa = PBXBuildFile; fileRef = 3AF59EFF1D063A01004A2778 /* LaunchScreen.storyboard */; };
		CD4690A91D0A436200FAEF30 /* StringExtensions.swift in Sources */ = {isa = PBXBuildFile; fileRef = CD4690A81D0A436200FAEF30 /* StringExtensions.swift */; };
		CD8A784E1D10CB2400850BC2 /* TextBoxView.swift in Sources */ = {isa = PBXBuildFile; fileRef = CD8A784D1D10CB2400850BC2 /* TextBoxView.swift */; };
		CD8A78501D10DAD000850BC2 /* TapBoxView.swift in Sources */ = {isa = PBXBuildFile; fileRef = CD8A784F1D10DAD000850BC2 /* TapBoxView.swift */; };
		CD8A78521D10DCBE00850BC2 /* TextFieldExtensions.swift in Sources */ = {isa = PBXBuildFile; fileRef = CD8A78511D10DCBE00850BC2 /* TextFieldExtensions.swift */; };
		CDEF2BC61D1F768900B7A6DB /* Themes.swift in Sources */ = {isa = PBXBuildFile; fileRef = CDEF2BC51D1F768900B7A6DB /* Themes.swift */; };
		CDEF2BCA1D20CA4000B7A6DB /* SyntaxHighlightingStorage.swift in Sources */ = {isa = PBXBuildFile; fileRef = CDEF2BC91D20CA4000B7A6DB /* SyntaxHighlightingStorage.swift */; };
		CDFE2E701D2BFD3E00F931E7 /* UIViewControllerExtensions.swift in Sources */ = {isa = PBXBuildFile; fileRef = CDFE2E6F1D2BFD3E00F931E7 /* UIViewControllerExtensions.swift */; };
		CDFE2E721D2C464400F931E7 /* SyntaxTextContainer.swift in Sources */ = {isa = PBXBuildFile; fileRef = CDFE2E711D2C464400F931E7 /* SyntaxTextContainer.swift */; };
		CDFE2E741D2C799700F931E7 /* SyntaxLayoutManager.swift in Sources */ = {isa = PBXBuildFile; fileRef = CDFE2E731D2C799700F931E7 /* SyntaxLayoutManager.swift */; };
		CDFE2E781D2CD02A00F931E7 /* DataTypes.swift in Sources */ = {isa = PBXBuildFile; fileRef = CDFE2E771D2CD02A00F931E7 /* DataTypes.swift */; };
/* End PBXBuildFile section */

/* Begin PBXFileReference section */
		3AF59EF31D063A00004A2778 /* Ruby Dojo.app */ = {isa = PBXFileReference; explicitFileType = wrapper.application; includeInIndex = 0; path = "Ruby Dojo.app"; sourceTree = BUILT_PRODUCTS_DIR; };
		3AF59EF61D063A01004A2778 /* AppDelegate.swift */ = {isa = PBXFileReference; lastKnownFileType = sourcecode.swift; path = AppDelegate.swift; sourceTree = "<group>"; };
		3AF59EF81D063A01004A2778 /* LessonViewController.swift */ = {isa = PBXFileReference; lastKnownFileType = sourcecode.swift; path = LessonViewController.swift; sourceTree = "<group>"; };
		3AF59EFB1D063A01004A2778 /* Base */ = {isa = PBXFileReference; lastKnownFileType = file.storyboard; name = Base; path = Base.lproj/Main.storyboard; sourceTree = "<group>"; };
		3AF59EFD1D063A01004A2778 /* Assets.xcassets */ = {isa = PBXFileReference; lastKnownFileType = folder.assetcatalog; path = Assets.xcassets; sourceTree = "<group>"; };
		3AF59F001D063A01004A2778 /* Base */ = {isa = PBXFileReference; lastKnownFileType = file.storyboard; name = Base; path = Base.lproj/LaunchScreen.storyboard; sourceTree = "<group>"; };
		3AF59F021D063A01004A2778 /* Info.plist */ = {isa = PBXFileReference; lastKnownFileType = text.plist.xml; path = Info.plist; sourceTree = "<group>"; };
		CD4690A81D0A436200FAEF30 /* StringExtensions.swift */ = {isa = PBXFileReference; fileEncoding = 4; lastKnownFileType = sourcecode.swift; path = StringExtensions.swift; sourceTree = "<group>"; };
		CD8A784D1D10CB2400850BC2 /* TextBoxView.swift */ = {isa = PBXFileReference; fileEncoding = 4; lastKnownFileType = sourcecode.swift; path = TextBoxView.swift; sourceTree = "<group>"; };
		CD8A784F1D10DAD000850BC2 /* TapBoxView.swift */ = {isa = PBXFileReference; fileEncoding = 4; lastKnownFileType = sourcecode.swift; path = TapBoxView.swift; sourceTree = "<group>"; };
		CD8A78511D10DCBE00850BC2 /* TextFieldExtensions.swift */ = {isa = PBXFileReference; fileEncoding = 4; lastKnownFileType = sourcecode.swift; path = TextFieldExtensions.swift; sourceTree = "<group>"; };
		CDEF2BC51D1F768900B7A6DB /* Themes.swift */ = {isa = PBXFileReference; fileEncoding = 4; lastKnownFileType = sourcecode.swift; path = Themes.swift; sourceTree = "<group>"; };
		CDEF2BC91D20CA4000B7A6DB /* SyntaxHighlightingStorage.swift */ = {isa = PBXFileReference; fileEncoding = 4; lastKnownFileType = sourcecode.swift; path = SyntaxHighlightingStorage.swift; sourceTree = "<group>"; };
		CDFE2E6F1D2BFD3E00F931E7 /* UIViewControllerExtensions.swift */ = {isa = PBXFileReference; fileEncoding = 4; lastKnownFileType = sourcecode.swift; name = UIViewControllerExtensions.swift; path = ../UIViewControllerExtensions.swift; sourceTree = "<group>"; };
		CDFE2E711D2C464400F931E7 /* SyntaxTextContainer.swift */ = {isa = PBXFileReference; fileEncoding = 4; lastKnownFileType = sourcecode.swift; path = SyntaxTextContainer.swift; sourceTree = "<group>"; };
		CDFE2E731D2C799700F931E7 /* SyntaxLayoutManager.swift */ = {isa = PBXFileReference; fileEncoding = 4; lastKnownFileType = sourcecode.swift; path = SyntaxLayoutManager.swift; sourceTree = "<group>"; };
		CDFE2E771D2CD02A00F931E7 /* DataTypes.swift */ = {isa = PBXFileReference; fileEncoding = 4; lastKnownFileType = sourcecode.swift; path = DataTypes.swift; sourceTree = "<group>"; };
/* End PBXFileReference section */

/* Begin PBXFrameworksBuildPhase section */
		3AF59EF01D063A00004A2778 /* Frameworks */ = {
			isa = PBXFrameworksBuildPhase;
			buildActionMask = 2147483647;
			files = (
			);
			runOnlyForDeploymentPostprocessing = 0;
		};
/* End PBXFrameworksBuildPhase section */

/* Begin PBXGroup section */
		3AF59EEA1D063A00004A2778 = {
			isa = PBXGroup;
			children = (
				3AF59EF51D063A01004A2778 /* Ruby Dojo */,
				3AF59EF41D063A00004A2778 /* Products */,
			);
			sourceTree = "<group>";
		};
		3AF59EF41D063A00004A2778 /* Products */ = {
			isa = PBXGroup;
			children = (
				3AF59EF31D063A00004A2778 /* Ruby Dojo.app */,
			);
			name = Products;
			sourceTree = "<group>";
		};
		3AF59EF51D063A01004A2778 /* Ruby Dojo */ = {
			isa = PBXGroup;
			children = (
				3AF59EF61D063A01004A2778 /* AppDelegate.swift */,
				3AF59EF81D063A01004A2778 /* LessonViewController.swift */,
				CD8A784C1D10CB0300850BC2 /* View */,
				3AF59EFA1D063A01004A2778 /* Main.storyboard */,
				3AF59EFD1D063A01004A2778 /* Assets.xcassets */,
				3AF59EFF1D063A01004A2778 /* LaunchScreen.storyboard */,
				3AF59F021D063A01004A2778 /* Info.plist */,
				CD4690A81D0A436200FAEF30 /* StringExtensions.swift */,
				CD8A78511D10DCBE00850BC2 /* TextFieldExtensions.swift */,
				CDEF2BC51D1F768900B7A6DB /* Themes.swift */,
				CDFE2E6F1D2BFD3E00F931E7 /* UIViewControllerExtensions.swift */,
				CDFE2E771D2CD02A00F931E7 /* DataTypes.swift */,
			);
			path = "Ruby Dojo";
			sourceTree = "<group>";
		};
		CD8A784C1D10CB0300850BC2 /* View */ = {
			isa = PBXGroup;
			children = (
				CD8A784D1D10CB2400850BC2 /* TextBoxView.swift */,
				CD8A784F1D10DAD000850BC2 /* TapBoxView.swift */,
				CDFE2E711D2C464400F931E7 /* SyntaxTextContainer.swift */,
				CDEF2BC91D20CA4000B7A6DB /* SyntaxHighlightingStorage.swift */,
				CDFE2E731D2C799700F931E7 /* SyntaxLayoutManager.swift */,
			);
			name = View;
			sourceTree = "<group>";
		};
/* End PBXGroup section */

/* Begin PBXNativeTarget section */
		3AF59EF21D063A00004A2778 /* Ruby Dojo */ = {
			isa = PBXNativeTarget;
			buildConfigurationList = 3AF59F051D063A01004A2778 /* Build configuration list for PBXNativeTarget "Ruby Dojo" */;
			buildPhases = (
				3AF59EEF1D063A00004A2778 /* Sources */,
				3AF59EF01D063A00004A2778 /* Frameworks */,
				3AF59EF11D063A00004A2778 /* Resources */,
			);
			buildRules = (
			);
			dependencies = (
			);
			name = "Ruby Dojo";
			productName = "Ruby Dojo";
			productReference = 3AF59EF31D063A00004A2778 /* Ruby Dojo.app */;
			productType = "com.apple.product-type.application";
		};
/* End PBXNativeTarget section */

/* Begin PBXProject section */
		3AF59EEB1D063A00004A2778 /* Project object */ = {
			isa = PBXProject;
			attributes = {
				LastSwiftUpdateCheck = 0730;
				LastUpgradeCheck = 0730;
				ORGANIZATIONNAME = swift;
				TargetAttributes = {
					3AF59EF21D063A00004A2778 = {
						CreatedOnToolsVersion = 7.3.1;
					};
				};
			};
			buildConfigurationList = 3AF59EEE1D063A00004A2778 /* Build configuration list for PBXProject "Ruby Dojo" */;
			compatibilityVersion = "Xcode 3.2";
			developmentRegion = English;
			hasScannedForEncodings = 0;
			knownRegions = (
				en,
				Base,
			);
			mainGroup = 3AF59EEA1D063A00004A2778;
			productRefGroup = 3AF59EF41D063A00004A2778 /* Products */;
			projectDirPath = "";
			projectRoot = "";
			targets = (
				3AF59EF21D063A00004A2778 /* Ruby Dojo */,
			);
		};
/* End PBXProject section */

/* Begin PBXResourcesBuildPhase section */
		3AF59EF11D063A00004A2778 /* Resources */ = {
			isa = PBXResourcesBuildPhase;
			buildActionMask = 2147483647;
			files = (
				3AF59F011D063A01004A2778 /* LaunchScreen.storyboard in Resources */,
				3AF59EFE1D063A01004A2778 /* Assets.xcassets in Resources */,
				3AF59EFC1D063A01004A2778 /* Main.storyboard in Resources */,
			);
			runOnlyForDeploymentPostprocessing = 0;
		};
/* End PBXResourcesBuildPhase section */

/* Begin PBXSourcesBuildPhase section */
		3AF59EEF1D063A00004A2778 /* Sources */ = {
			isa = PBXSourcesBuildPhase;
			buildActionMask = 2147483647;
			files = (
				CDFE2E741D2C799700F931E7 /* SyntaxLayoutManager.swift in Sources */,
				CDEF2BC61D1F768900B7A6DB /* Themes.swift in Sources */,
				3AF59EF91D063A01004A2778 /* LessonViewController.swift in Sources */,
				CD8A78521D10DCBE00850BC2 /* TextFieldExtensions.swift in Sources */,
				CD8A784E1D10CB2400850BC2 /* TextBoxView.swift in Sources */,
				CDFE2E701D2BFD3E00F931E7 /* UIViewControllerExtensions.swift in Sources */,
				CDEF2BCA1D20CA4000B7A6DB /* SyntaxHighlightingStorage.swift in Sources */,
				CD8A78501D10DAD000850BC2 /* TapBoxView.swift in Sources */,
				3AF59EF71D063A01004A2778 /* AppDelegate.swift in Sources */,
				CDFE2E781D2CD02A00F931E7 /* DataTypes.swift in Sources */,
				CD4690A91D0A436200FAEF30 /* StringExtensions.swift in Sources */,
				CDFE2E721D2C464400F931E7 /* SyntaxTextContainer.swift in Sources */,
			);
			runOnlyForDeploymentPostprocessing = 0;
		};
/* End PBXSourcesBuildPhase section */

/* Begin PBXVariantGroup section */
		3AF59EFA1D063A01004A2778 /* Main.storyboard */ = {
			isa = PBXVariantGroup;
			children = (
				3AF59EFB1D063A01004A2778 /* Base */,
			);
			name = Main.storyboard;
			sourceTree = "<group>";
		};
		3AF59EFF1D063A01004A2778 /* LaunchScreen.storyboard */ = {
			isa = PBXVariantGroup;
			children = (
				3AF59F001D063A01004A2778 /* Base */,
			);
			name = LaunchScreen.storyboard;
			sourceTree = "<group>";
		};
/* End PBXVariantGroup section */

/* Begin XCBuildConfiguration section */
		3AF59F031D063A01004A2778 /* Debug */ = {
			isa = XCBuildConfiguration;
			buildSettings = {
				ALWAYS_SEARCH_USER_PATHS = NO;
				CLANG_ANALYZER_NONNULL = YES;
				CLANG_CXX_LANGUAGE_STANDARD = "gnu++0x";
				CLANG_CXX_LIBRARY = "libc++";
				CLANG_ENABLE_MODULES = YES;
				CLANG_ENABLE_OBJC_ARC = YES;
				CLANG_WARN_BOOL_CONVERSION = YES;
				CLANG_WARN_CONSTANT_CONVERSION = YES;
				CLANG_WARN_DIRECT_OBJC_ISA_USAGE = YES_ERROR;
				CLANG_WARN_EMPTY_BODY = YES;
				CLANG_WARN_ENUM_CONVERSION = YES;
				CLANG_WARN_INT_CONVERSION = YES;
				CLANG_WARN_OBJC_ROOT_CLASS = YES_ERROR;
				CLANG_WARN_UNREACHABLE_CODE = YES;
				CLANG_WARN__DUPLICATE_METHOD_MATCH = YES;
				"CODE_SIGN_IDENTITY[sdk=iphoneos*]" = "iPhone Developer";
				COPY_PHASE_STRIP = NO;
				DEBUG_INFORMATION_FORMAT = dwarf;
				ENABLE_STRICT_OBJC_MSGSEND = YES;
				ENABLE_TESTABILITY = YES;
				GCC_C_LANGUAGE_STANDARD = gnu99;
				GCC_DYNAMIC_NO_PIC = NO;
				GCC_NO_COMMON_BLOCKS = YES;
				GCC_OPTIMIZATION_LEVEL = 0;
				GCC_PREPROCESSOR_DEFINITIONS = (
					"DEBUG=1",
					"$(inherited)",
				);
				GCC_WARN_64_TO_32_BIT_CONVERSION = YES;
				GCC_WARN_ABOUT_RETURN_TYPE = YES_ERROR;
				GCC_WARN_UNDECLARED_SELECTOR = YES;
				GCC_WARN_UNINITIALIZED_AUTOS = YES_AGGRESSIVE;
				GCC_WARN_UNUSED_FUNCTION = YES;
				GCC_WARN_UNUSED_VARIABLE = YES;
				IPHONEOS_DEPLOYMENT_TARGET = 9.3;
				MTL_ENABLE_DEBUG_INFO = YES;
				ONLY_ACTIVE_ARCH = YES;
				SDKROOT = iphoneos;
				SWIFT_OPTIMIZATION_LEVEL = "-Onone";
			};
			name = Debug;
		};
		3AF59F041D063A01004A2778 /* Release */ = {
			isa = XCBuildConfiguration;
			buildSettings = {
				ALWAYS_SEARCH_USER_PATHS = NO;
				CLANG_ANALYZER_NONNULL = YES;
				CLANG_CXX_LANGUAGE_STANDARD = "gnu++0x";
				CLANG_CXX_LIBRARY = "libc++";
				CLANG_ENABLE_MODULES = YES;
				CLANG_ENABLE_OBJC_ARC = YES;
				CLANG_WARN_BOOL_CONVERSION = YES;
				CLANG_WARN_CONSTANT_CONVERSION = YES;
				CLANG_WARN_DIRECT_OBJC_ISA_USAGE = YES_ERROR;
				CLANG_WARN_EMPTY_BODY = YES;
				CLANG_WARN_ENUM_CONVERSION = YES;
				CLANG_WARN_INT_CONVERSION = YES;
				CLANG_WARN_OBJC_ROOT_CLASS = YES_ERROR;
				CLANG_WARN_UNREACHABLE_CODE = YES;
				CLANG_WARN__DUPLICATE_METHOD_MATCH = YES;
				"CODE_SIGN_IDENTITY[sdk=iphoneos*]" = "iPhone Developer";
				COPY_PHASE_STRIP = NO;
				DEBUG_INFORMATION_FORMAT = "dwarf-with-dsym";
				ENABLE_NS_ASSERTIONS = NO;
				ENABLE_STRICT_OBJC_MSGSEND = YES;
				GCC_C_LANGUAGE_STANDARD = gnu99;
				GCC_NO_COMMON_BLOCKS = YES;
				GCC_WARN_64_TO_32_BIT_CONVERSION = YES;
				GCC_WARN_ABOUT_RETURN_TYPE = YES_ERROR;
				GCC_WARN_UNDECLARED_SELECTOR = YES;
				GCC_WARN_UNINITIALIZED_AUTOS = YES_AGGRESSIVE;
				GCC_WARN_UNUSED_FUNCTION = YES;
				GCC_WARN_UNUSED_VARIABLE = YES;
				IPHONEOS_DEPLOYMENT_TARGET = 9.3;
				MTL_ENABLE_DEBUG_INFO = NO;
				SDKROOT = iphoneos;
				VALIDATE_PRODUCT = YES;
			};
			name = Release;
		};
		3AF59F061D063A01004A2778 /* Debug */ = {
			isa = XCBuildConfiguration;
			buildSettings = {
				ASSETCATALOG_COMPILER_APPICON_NAME = AppIcon;
				ENABLE_BITCODE = YES;
				INFOPLIST_FILE = "Ruby Dojo/Info.plist";
				LD_RUNPATH_SEARCH_PATHS = "$(inherited) @executable_path/Frameworks";
				PRODUCT_BUNDLE_IDENTIFIER = "com.montalto.Ruby-Dojo";
				PRODUCT_NAME = "$(TARGET_NAME)";
			};
			name = Debug;
		};
		3AF59F071D063A01004A2778 /* Release */ = {
			isa = XCBuildConfiguration;
			buildSettings = {
				ASSETCATALOG_COMPILER_APPICON_NAME = AppIcon;
				ENABLE_BITCODE = YES;
				INFOPLIST_FILE = "Ruby Dojo/Info.plist";
				LD_RUNPATH_SEARCH_PATHS = "$(inherited) @executable_path/Frameworks";
				PRODUCT_BUNDLE_IDENTIFIER = "com.montalto.Ruby-Dojo";
				PRODUCT_NAME = "$(TARGET_NAME)";
			};
			name = Release;
		};
/* End XCBuildConfiguration section */

/* Begin XCConfigurationList section */
		3AF59EEE1D063A00004A2778 /* Build configuration list for PBXProject "Ruby Dojo" */ = {
			isa = XCConfigurationList;
			buildConfigurations = (
				3AF59F031D063A01004A2778 /* Debug */,
				3AF59F041D063A01004A2778 /* Release */,
			);
			defaultConfigurationIsVisible = 0;
			defaultConfigurationName = Release;
		};
		3AF59F051D063A01004A2778 /* Build configuration list for PBXNativeTarget "Ruby Dojo" */ = {
			isa = XCConfigurationList;
			buildConfigurations = (
				3AF59F061D063A01004A2778 /* Debug */,
				3AF59F071D063A01004A2778 /* Release */,
			);
			defaultConfigurationIsVisible = 0;
			defaultConfigurationName = Release;
		};
/* End XCConfigurationList section */
	};
	rootObject = 3AF59EEB1D063A00004A2778 /* Project object */;
}
